// !$*UTF8*$!
{
	archiveVersion = 1;
	classes = {
	};
	objectVersion = 46;
	objects = {

/* Begin PBXBuildFile section */
		FAD48AAE1E8038EE003050B3 /* main.m in Sources */ = {isa = PBXBuildFile; fileRef = FAD48AAD1E8038EE003050B3 /* main.m */; };
		FAD48AB11E8038EE003050B3 /* AppDelegate.m in Sources */ = {isa = PBXBuildFile; fileRef = FAD48AB01E8038EE003050B3 /* AppDelegate.m */; };
		FAD48AB91E8038EE003050B3 /* Assets.xcassets in Resources */ = {isa = PBXBuildFile; fileRef = FAD48AB81E8038EE003050B3 /* Assets.xcassets */; };
		FAD48ABC1E8038EE003050B3 /* LaunchScreen.storyboard in Resources */ = {isa = PBXBuildFile; fileRef = FAD48ABA1E8038EE003050B3 /* LaunchScreen.storyboard */; };
		FAD48AC51E803E79003050B3 /* APSScoresTableViewController.m in Sources */ = {isa = PBXBuildFile; fileRef = FAD48AC41E803E79003050B3 /* APSScoresTableViewController.m */; };
		FAEC746B1E803FC5008236E9 /* APSClassesTableViewController.m in Sources */ = {isa = PBXBuildFile; fileRef = FAEC746A1E803FC5008236E9 /* APSClassesTableViewController.m */; };
		FAEC746F1E80409A008236E9 /* FinalExamControllerModel.xcdatamodeld in Sources */ = {isa = PBXBuildFile; fileRef = FAEC746D1E80409A008236E9 /* FinalExamControllerModel.xcdatamodeld */; };
/* End PBXBuildFile section */

/* Begin PBXFileReference section */
		FAD48AA91E8038EE003050B3 /* FinalExamCalculator.app */ = {isa = PBXFileReference; explicitFileType = wrapper.application; includeInIndex = 0; path = FinalExamCalculator.app; sourceTree = BUILT_PRODUCTS_DIR; };
		FAD48AAD1E8038EE003050B3 /* main.m */ = {isa = PBXFileReference; lastKnownFileType = sourcecode.c.objc; path = main.m; sourceTree = "<group>"; };
		FAD48AAF1E8038EE003050B3 /* AppDelegate.h */ = {isa = PBXFileReference; lastKnownFileType = sourcecode.c.h; path = AppDelegate.h; sourceTree = "<group>"; };
		FAD48AB01E8038EE003050B3 /* AppDelegate.m */ = {isa = PBXFileReference; lastKnownFileType = sourcecode.c.objc; path = AppDelegate.m; sourceTree = "<group>"; };
		FAD48AB81E8038EE003050B3 /* Assets.xcassets */ = {isa = PBXFileReference; lastKnownFileType = folder.assetcatalog; path = Assets.xcassets; sourceTree = "<group>"; };
		FAD48ABB1E8038EE003050B3 /* Base */ = {isa = PBXFileReference; lastKnownFileType = file.storyboard; name = Base; path = Base.lproj/LaunchScreen.storyboard; sourceTree = "<group>"; };
		FAD48ABD1E8038EE003050B3 /* Info.plist */ = {isa = PBXFileReference; lastKnownFileType = text.plist.xml; path = Info.plist; sourceTree = "<group>"; };
		FAD48AC31E803E79003050B3 /* APSScoresTableViewController.h */ = {isa = PBXFileReference; fileEncoding = 4; lastKnownFileType = sourcecode.c.h; path = APSScoresTableViewController.h; sourceTree = "<group>"; };
		FAD48AC41E803E79003050B3 /* APSScoresTableViewController.m */ = {isa = PBXFileReference; fileEncoding = 4; lastKnownFileType = sourcecode.c.objc; path = APSScoresTableViewController.m; sourceTree = "<group>"; };
		FAEC74691E803FC5008236E9 /* APSClassesTableViewController.h */ = {isa = PBXFileReference; fileEncoding = 4; lastKnownFileType = sourcecode.c.h; path = APSClassesTableViewController.h; sourceTree = "<group>"; };
		FAEC746A1E803FC5008236E9 /* APSClassesTableViewController.m */ = {isa = PBXFileReference; fileEncoding = 4; lastKnownFileType = sourcecode.c.objc; path = APSClassesTableViewController.m; sourceTree = "<group>"; };
		FAEC746E1E80409A008236E9 /* FinalExamControllerModel.xcdatamodel */ = {isa = PBXFileReference; lastKnownFileType = wrapper.xcdatamodel; path = FinalExamControllerModel.xcdatamodel; sourceTree = "<group>"; };
/* End PBXFileReference section */

/* Begin PBXFrameworksBuildPhase section */
		FAD48AA61E8038EE003050B3 /* Frameworks */ = {
			isa = PBXFrameworksBuildPhase;
			buildActionMask = 2147483647;
			files = (
			);
			runOnlyForDeploymentPostprocessing = 0;
		};
/* End PBXFrameworksBuildPhase section */

/* Begin PBXGroup section */
		FAD48AA01E8038EE003050B3 = {
			isa = PBXGroup;
			children = (
				FAD48AAB1E8038EE003050B3 /* FinalExamCalculator */,
				FAD48AAA1E8038EE003050B3 /* Products */,
			);
			sourceTree = "<group>";
		};
		FAD48AAA1E8038EE003050B3 /* Products */ = {
			isa = PBXGroup;
			children = (
				FAD48AA91E8038EE003050B3 /* FinalExamCalculator.app */,
			);
			name = Products;
			sourceTree = "<group>";
		};
		FAD48AAB1E8038EE003050B3 /* FinalExamCalculator */ = {
			isa = PBXGroup;
			children = (
				FAEC746C1E804039008236E9 /* Model */,
				FAD48AC31E803E79003050B3 /* APSScoresTableViewController.h */,
				FAD48AC41E803E79003050B3 /* APSScoresTableViewController.m */,
				FAEC74691E803FC5008236E9 /* APSClassesTableViewController.h */,
				FAEC746A1E803FC5008236E9 /* APSClassesTableViewController.m */,
				FAD48AAF1E8038EE003050B3 /* AppDelegate.h */,
				FAD48AB01E8038EE003050B3 /* AppDelegate.m */,
				FAD48AB81E8038EE003050B3 /* Assets.xcassets */,
				FAD48ABA1E8038EE003050B3 /* LaunchScreen.storyboard */,
				FAD48ABD1E8038EE003050B3 /* Info.plist */,
				FAD48AAC1E8038EE003050B3 /* Supporting Files */,
			);
			path = FinalExamCalculator;
			sourceTree = "<group>";
		};
		FAD48AAC1E8038EE003050B3 /* Supporting Files */ = {
			isa = PBXGroup;
			children = (
				FAD48AAD1E8038EE003050B3 /* main.m */,
			);
			name = "Supporting Files";
			sourceTree = "<group>";
		};
		FAEC746C1E804039008236E9 /* Model */ = {
			isa = PBXGroup;
			children = (
				FAEC746D1E80409A008236E9 /* FinalExamControllerModel.xcdatamodeld */,
			);
			name = Model;
			sourceTree = "<group>";
		};
/* End PBXGroup section */

/* Begin PBXNativeTarget section */
		FAD48AA81E8038EE003050B3 /* FinalExamCalculator */ = {
			isa = PBXNativeTarget;
			buildConfigurationList = FAD48AC01E8038EE003050B3 /* Build configuration list for PBXNativeTarget "FinalExamCalculator" */;
			buildPhases = (
				FAD48AA51E8038EE003050B3 /* Sources */,
				FAD48AA61E8038EE003050B3 /* Frameworks */,
				FAD48AA71E8038EE003050B3 /* Resources */,
			);
			buildRules = (
			);
			dependencies = (
			);
			name = FinalExamCalculator;
			productName = FinalExamCalculator;
			productReference = FAD48AA91E8038EE003050B3 /* FinalExamCalculator.app */;
			productType = "com.apple.product-type.application";
		};
/* End PBXNativeTarget section */

/* Begin PBXProject section */
		FAD48AA11E8038EE003050B3 /* Project object */ = {
			isa = PBXProject;
			attributes = {
				CLASSPREFIX = APS;
				LastUpgradeCheck = 0820;
				ORGANIZATIONNAME = "Aptian Software, LLC";
				TargetAttributes = {
					FAD48AA81E8038EE003050B3 = {
						CreatedOnToolsVersion = 8.2.1;
						DevelopmentTeam = QYV5ZZB7LD;
						ProvisioningStyle = Automatic;
					};
				};
			};
			buildConfigurationList = FAD48AA41E8038EE003050B3 /* Build configuration list for PBXProject "FinalExamCalculator" */;
			compatibilityVersion = "Xcode 3.2";
			developmentRegion = English;
			hasScannedForEncodings = 0;
			knownRegions = (
				en,
				Base,
			);
			mainGroup = FAD48AA01E8038EE003050B3;
			productRefGroup = FAD48AAA1E8038EE003050B3 /* Products */;
			projectDirPath = "";
			projectRoot = "";
			targets = (
				FAD48AA81E8038EE003050B3 /* FinalExamCalculator */,
			);
		};
/* End PBXProject section */

/* Begin PBXResourcesBuildPhase section */
		FAD48AA71E8038EE003050B3 /* Resources */ = {
			isa = PBXResourcesBuildPhase;
			buildActionMask = 2147483647;
			files = (
				FAD48ABC1E8038EE003050B3 /* LaunchScreen.storyboard in Resources */,
				FAD48AB91E8038EE003050B3 /* Assets.xcassets in Resources */,
			);
			runOnlyForDeploymentPostprocessing = 0;
		};
/* End PBXResourcesBuildPhase section */

/* Begin PBXSourcesBuildPhase section */
		FAD48AA51E8038EE003050B3 /* Sources */ = {
			isa = PBXSourcesBuildPhase;
			buildActionMask = 2147483647;
			files = (
				FAD48AC51E803E79003050B3 /* APSScoresTableViewController.m in Sources */,
				FAD48AB11E8038EE003050B3 /* AppDelegate.m in Sources */,
				FAD48AAE1E8038EE003050B3 /* main.m in Sources */,
				FAEC746B1E803FC5008236E9 /* APSClassesTableViewController.m in Sources */,
				FAEC746F1E80409A008236E9 /* FinalExamControllerModel.xcdatamodeld in Sources */,
			);
			runOnlyForDeploymentPostprocessing = 0;
		};
/* End PBXSourcesBuildPhase section */

/* Begin PBXVariantGroup section */
		FAD48ABA1E8038EE003050B3 /* LaunchScreen.storyboard */ = {
			isa = PBXVariantGroup;
			children = (
				FAD48ABB1E8038EE003050B3 /* Base */,
			);
			name = LaunchScreen.storyboard;
			sourceTree = "<group>";
		};
/* End PBXVariantGroup section */

/* Begin XCBuildConfiguration section */
		FAD48ABE1E8038EE003050B3 /* Debug */ = {
			isa = XCBuildConfiguration;
			buildSettings = {
				ALWAYS_SEARCH_USER_PATHS = NO;
				CLANG_ANALYZER_NONNULL = YES;
				CLANG_CXX_LANGUAGE_STANDARD = "gnu++0x";
				CLANG_CXX_LIBRARY = "libc++";
				CLANG_ENABLE_MODULES = YES;
				CLANG_ENABLE_OBJC_ARC = YES;
				CLANG_WARN_BOOL_CONVERSION = YES;
				CLANG_WARN_CONSTANT_CONVERSION = YES;
				CLANG_WARN_DIRECT_OBJC_ISA_USAGE = YES_ERROR;
				CLANG_WARN_DOCUMENTATION_COMMENTS = YES;
				CLANG_WARN_EMPTY_BODY = YES;
				CLANG_WARN_ENUM_CONVERSION = YES;
				CLANG_WARN_INFINITE_RECURSION = YES;
				CLANG_WARN_INT_CONVERSION = YES;
				CLANG_WARN_OBJC_ROOT_CLASS = YES_ERROR;
				CLANG_WARN_SUSPICIOUS_MOVE = YES;
				CLANG_WARN_UNREACHABLE_CODE = YES;
				CLANG_WARN__DUPLICATE_METHOD_MATCH = YES;
				"CODE_SIGN_IDENTITY[sdk=iphoneos*]" = "iPhone Developer";
				COPY_PHASE_STRIP = NO;
				DEBUG_INFORMATION_FORMAT = dwarf;
				ENABLE_STRICT_OBJC_MSGSEND = YES;
				ENABLE_TESTABILITY = YES;
				GCC_C_LANGUAGE_STANDARD = gnu99;
				GCC_DYNAMIC_NO_PIC = NO;
				GCC_NO_COMMON_BLOCKS = YES;
				GCC_OPTIMIZATION_LEVEL = 0;
				GCC_PREPROCESSOR_DEFINITIONS = (
					"DEBUG=1",
					"$(inherited)",
				);
				GCC_WARN_64_TO_32_BIT_CONVERSION = YES;
				GCC_WARN_ABOUT_RETURN_TYPE = YES_ERROR;
				GCC_WARN_UNDECLARED_SELECTOR = YES;
				GCC_WARN_UNINITIALIZED_AUTOS = YES_AGGRESSIVE;
				GCC_WARN_UNUSED_FUNCTION = YES;
				GCC_WARN_UNUSED_VARIABLE = YES;
				IPHONEOS_DEPLOYMENT_TARGET = 10.2;
				MTL_ENABLE_DEBUG_INFO = YES;
				ONLY_ACTIVE_ARCH = YES;
				SDKROOT = iphoneos;
			};
			name = Debug;
		};
		FAD48ABF1E8038EE003050B3 /* Release */ = {
			isa = XCBuildConfiguration;
			buildSettings = {
				ALWAYS_SEARCH_USER_PATHS = NO;
				CLANG_ANALYZER_NONNULL = YES;
				CLANG_CXX_LANGUAGE_STANDARD = "gnu++0x";
				CLANG_CXX_LIBRARY = "libc++";
				CLANG_ENABLE_MODULES = YES;
				CLANG_ENABLE_OBJC_ARC = YES;
				CLANG_WARN_BOOL_CONVERSION = YES;
				CLANG_WARN_CONSTANT_CONVERSION = YES;
				CLANG_WARN_DIRECT_OBJC_ISA_USAGE = YES_ERROR;
				CLANG_WARN_DOCUMENTATION_COMMENTS = YES;
				CLANG_WARN_EMPTY_BODY = YES;
				CLANG_WARN_ENUM_CONVERSION = YES;
				CLANG_WARN_INFINITE_RECURSION = YES;
				CLANG_WARN_INT_CONVERSION = YES;
				CLANG_WARN_OBJC_ROOT_CLASS = YES_ERROR;
				CLANG_WARN_SUSPICIOUS_MOVE = YES;
				CLANG_WARN_UNREACHABLE_CODE = YES;
				CLANG_WARN__DUPLICATE_METHOD_MATCH = YES;
				"CODE_SIGN_IDENTITY[sdk=iphoneos*]" = "iPhone Developer";
				COPY_PHASE_STRIP = NO;
				DEBUG_INFORMATION_FORMAT = "dwarf-with-dsym";
				ENABLE_NS_ASSERTIONS = NO;
				ENABLE_STRICT_OBJC_MSGSEND = YES;
				GCC_C_LANGUAGE_STANDARD = gnu99;
				GCC_NO_COMMON_BLOCKS = YES;
				GCC_WARN_64_TO_32_BIT_CONVERSION = YES;
				GCC_WARN_ABOUT_RETURN_TYPE = YES_ERROR;
				GCC_WARN_UNDECLARED_SELECTOR = YES;
				GCC_WARN_UNINITIALIZED_AUTOS = YES_AGGRESSIVE;
				GCC_WARN_UNUSED_FUNCTION = YES;
				GCC_WARN_UNUSED_VARIABLE = YES;
				IPHONEOS_DEPLOYMENT_TARGET = 10.2;
				MTL_ENABLE_DEBUG_INFO = NO;
				SDKROOT = iphoneos;
				VALIDATE_PRODUCT = YES;
			};
			name = Release;
		};
		FAD48AC11E8038EE003050B3 /* Debug */ = {
			isa = XCBuildConfiguration;
			buildSettings = {
				ASSETCATALOG_COMPILER_APPICON_NAME = AppIcon;
				DEVELOPMENT_TEAM = QYV5ZZB7LD;
				INFOPLIST_FILE = FinalExamCalculator/Info.plist;
				IPHONEOS_DEPLOYMENT_TARGET = 9.0;
				LD_RUNPATH_SEARCH_PATHS = "$(inherited) @executable_path/Frameworks";
				PRODUCT_BUNDLE_IDENTIFIER = "com.Aptian-Software-LLC.FinalExamCalculator";
				PRODUCT_NAME = "$(TARGET_NAME)";
			};
			name = Debug;
		};
		FAD48AC21E8038EE003050B3 /* Release */ = {
			isa = XCBuildConfiguration;
			buildSettings = {
				ASSETCATALOG_COMPILER_APPICON_NAME = AppIcon;
				DEVELOPMENT_TEAM = QYV5ZZB7LD;
				INFOPLIST_FILE = FinalExamCalculator/Info.plist;
				IPHONEOS_DEPLOYMENT_TARGET = 9.0;
				LD_RUNPATH_SEARCH_PATHS = "$(inherited) @executable_path/Frameworks";
				PRODUCT_BUNDLE_IDENTIFIER = "com.Aptian-Software-LLC.FinalExamCalculator";
				PRODUCT_NAME = "$(TARGET_NAME)";
			};
			name = Release;
		};
/* End XCBuildConfiguration section */

/* Begin XCConfigurationList section */
		FAD48AA41E8038EE003050B3 /* Build configuration list for PBXProject "FinalExamCalculator" */ = {
			isa = XCConfigurationList;
			buildConfigurations = (
				FAD48ABE1E8038EE003050B3 /* Debug */,
				FAD48ABF1E8038EE003050B3 /* Release */,
			);
			defaultConfigurationIsVisible = 0;
			defaultConfigurationName = Release;
		};
		FAD48AC01E8038EE003050B3 /* Build configuration list for PBXNativeTarget "FinalExamCalculator" */ = {
			isa = XCConfigurationList;
			buildConfigurations = (
				FAD48AC11E8038EE003050B3 /* Debug */,
				FAD48AC21E8038EE003050B3 /* Release */,
			);
			defaultConfigurationIsVisible = 0;
			defaultConfigurationName = Release;
		};
/* End XCConfigurationList section */

/* Begin XCVersionGroup section */
		FAEC746D1E80409A008236E9 /* FinalExamControllerModel.xcdatamodeld */ = {
			isa = XCVersionGroup;
			children = (
				FAEC746E1E80409A008236E9 /* FinalExamControllerModel.xcdatamodel */,
			);
			currentVersion = FAEC746E1E80409A008236E9 /* FinalExamControllerModel.xcdatamodel */;
			path = FinalExamControllerModel.xcdatamodeld;
			sourceTree = "<group>";
			versionGroupType = wrapper.xcdatamodel;
		};
/* End XCVersionGroup section */
	};
	rootObject = FAD48AA11E8038EE003050B3 /* Project object */;
}
