// !$*UTF8*$!
{
	archiveVersion = 1;
	classes = {
	};
	objectVersion = 46;
	objects = {

/* Begin PBXBuildFile section */
		FA14632B1E901D0900D56D00 /* APSWeightsViewController.m in Sources */ = {isa = PBXBuildFile; fileRef = FA14632A1E901D0900D56D00 /* APSWeightsViewController.m */; };
		FA1BFF881E84887B00A1228C /* Score+ScoreCategory.m in Sources */ = {isa = PBXBuildFile; fileRef = FA1BFF871E84887B00A1228C /* Score+ScoreCategory.m */; };
		FA2848C21E93334D0084F11C /* APSCategoryStepperTableViewCell.m in Sources */ = {isa = PBXBuildFile; fileRef = FA2848C11E93334D0084F11C /* APSCategoryStepperTableViewCell.m */; };
		FA30CB6E1E85B84F00BD01C0 /* APSCategoryType.m in Sources */ = {isa = PBXBuildFile; fileRef = FA30CB6D1E85B84F00BD01C0 /* APSCategoryType.m */; };
		FA8A87ED1E8369990053D648 /* APSScoreController.m in Sources */ = {isa = PBXBuildFile; fileRef = FA8A87EC1E8369990053D648 /* APSScoreController.m */; };
		FA9FD0751E8B1C9A0083265C /* APSEditScoreTableViewController.m in Sources */ = {isa = PBXBuildFile; fileRef = FA9FD0741E8B1C9A0083265C /* APSEditScoreTableViewController.m */; };
		FAD48AAE1E8038EE003050B3 /* main.m in Sources */ = {isa = PBXBuildFile; fileRef = FAD48AAD1E8038EE003050B3 /* main.m */; };
		FAD48AB11E8038EE003050B3 /* AppDelegate.m in Sources */ = {isa = PBXBuildFile; fileRef = FAD48AB01E8038EE003050B3 /* AppDelegate.m */; };
		FAD48AB91E8038EE003050B3 /* Assets.xcassets in Resources */ = {isa = PBXBuildFile; fileRef = FAD48AB81E8038EE003050B3 /* Assets.xcassets */; };
		FAD48ABC1E8038EE003050B3 /* LaunchScreen.storyboard in Resources */ = {isa = PBXBuildFile; fileRef = FAD48ABA1E8038EE003050B3 /* LaunchScreen.storyboard */; };
		FAD48AC51E803E79003050B3 /* APSScoresTableViewController.m in Sources */ = {isa = PBXBuildFile; fileRef = FAD48AC41E803E79003050B3 /* APSScoresTableViewController.m */; };
		FAEC746B1E803FC5008236E9 /* APSClassesTableViewController.m in Sources */ = {isa = PBXBuildFile; fileRef = FAEC746A1E803FC5008236E9 /* APSClassesTableViewController.m */; };
		FAEC746F1E80409A008236E9 /* FinalExamControllerModel.xcdatamodeld in Sources */ = {isa = PBXBuildFile; fileRef = FAEC746D1E80409A008236E9 /* FinalExamControllerModel.xcdatamodeld */; };
		FAEC74731E8047EE008236E9 /* APSCourseController.m in Sources */ = {isa = PBXBuildFile; fileRef = FAEC74721E8047EE008236E9 /* APSCourseController.m */; };
		FAEC748D1E80A9A2008236E9 /* Course+CoreDataClass.m in Sources */ = {isa = PBXBuildFile; fileRef = FAEC74821E80A9A2008236E9 /* Course+CoreDataClass.m */; };
		FAEC748E1E80A9A2008236E9 /* Course+CoreDataProperties.m in Sources */ = {isa = PBXBuildFile; fileRef = FAEC74841E80A9A2008236E9 /* Course+CoreDataProperties.m */; };
		FAEC748F1E80A9A2008236E9 /* Category+CoreDataClass.m in Sources */ = {isa = PBXBuildFile; fileRef = FAEC74861E80A9A2008236E9 /* Category+CoreDataClass.m */; };
		FAEC74901E80A9A2008236E9 /* Category+CoreDataProperties.m in Sources */ = {isa = PBXBuildFile; fileRef = FAEC74881E80A9A2008236E9 /* Category+CoreDataProperties.m */; };
		FAEC74911E80A9A2008236E9 /* Score+CoreDataClass.m in Sources */ = {isa = PBXBuildFile; fileRef = FAEC748A1E80A9A2008236E9 /* Score+CoreDataClass.m */; };
		FAEC74921E80A9A2008236E9 /* Score+CoreDataProperties.m in Sources */ = {isa = PBXBuildFile; fileRef = FAEC748C1E80A9A2008236E9 /* Score+CoreDataProperties.m */; };
		FAEC74951E80AC87008236E9 /* APSPersistenceController.m in Sources */ = {isa = PBXBuildFile; fileRef = FAEC74941E80AC87008236E9 /* APSPersistenceController.m */; };
		FAEC74981E80ACFA008236E9 /* APSCoreDataStack.m in Sources */ = {isa = PBXBuildFile; fileRef = FAEC74971E80ACFA008236E9 /* APSCoreDataStack.m */; };
		FAEC749B1E8189CB008236E9 /* APSAppDataController.m in Sources */ = {isa = PBXBuildFile; fileRef = FAEC749A1E8189CB008236E9 /* APSAppDataController.m */; };
		FAEC749E1E8197E1008236E9 /* APSMockDataController.m in Sources */ = {isa = PBXBuildFile; fileRef = FAEC749D1E8197E1008236E9 /* APSMockDataController.m */; };
		FAEC74A21E81D440008236E9 /* APSDashboardTableViewController.m in Sources */ = {isa = PBXBuildFile; fileRef = FAEC74A11E81D440008236E9 /* APSDashboardTableViewController.m */; };
		FAEC74A51E81E07F008236E9 /* APSCalculatedFinalTableViewCell.m in Sources */ = {isa = PBXBuildFile; fileRef = FAEC74A41E81E07F008236E9 /* APSCalculatedFinalTableViewCell.m */; };
/* End PBXBuildFile section */

/* Begin PBXFileReference section */
		FA1463291E901D0900D56D00 /* APSWeightsViewController.h */ = {isa = PBXFileReference; fileEncoding = 4; lastKnownFileType = sourcecode.c.h; path = APSWeightsViewController.h; sourceTree = "<group>"; };
		FA14632A1E901D0900D56D00 /* APSWeightsViewController.m */ = {isa = PBXFileReference; fileEncoding = 4; lastKnownFileType = sourcecode.c.objc; path = APSWeightsViewController.m; sourceTree = "<group>"; };
		FA1BFF861E84887B00A1228C /* Score+ScoreCategory.h */ = {isa = PBXFileReference; fileEncoding = 4; lastKnownFileType = sourcecode.c.h; path = "Score+ScoreCategory.h"; sourceTree = "<group>"; };
		FA1BFF871E84887B00A1228C /* Score+ScoreCategory.m */ = {isa = PBXFileReference; fileEncoding = 4; lastKnownFileType = sourcecode.c.objc; path = "Score+ScoreCategory.m"; sourceTree = "<group>"; };
		FA2848C01E93334D0084F11C /* APSCategoryStepperTableViewCell.h */ = {isa = PBXFileReference; fileEncoding = 4; lastKnownFileType = sourcecode.c.h; path = APSCategoryStepperTableViewCell.h; sourceTree = "<group>"; };
		FA2848C11E93334D0084F11C /* APSCategoryStepperTableViewCell.m */ = {isa = PBXFileReference; fileEncoding = 4; lastKnownFileType = sourcecode.c.objc; path = APSCategoryStepperTableViewCell.m; sourceTree = "<group>"; };
		FA30CB6C1E85B84F00BD01C0 /* APSCategoryType.h */ = {isa = PBXFileReference; fileEncoding = 4; lastKnownFileType = sourcecode.c.h; path = APSCategoryType.h; sourceTree = "<group>"; };
		FA30CB6D1E85B84F00BD01C0 /* APSCategoryType.m */ = {isa = PBXFileReference; fileEncoding = 4; lastKnownFileType = sourcecode.c.objc; path = APSCategoryType.m; sourceTree = "<group>"; };
		FA8A87EB1E8369990053D648 /* APSScoreController.h */ = {isa = PBXFileReference; fileEncoding = 4; lastKnownFileType = sourcecode.c.h; path = APSScoreController.h; sourceTree = "<group>"; };
		FA8A87EC1E8369990053D648 /* APSScoreController.m */ = {isa = PBXFileReference; fileEncoding = 4; lastKnownFileType = sourcecode.c.objc; path = APSScoreController.m; sourceTree = "<group>"; };
		FA9FD0731E8B1C9A0083265C /* APSEditScoreTableViewController.h */ = {isa = PBXFileReference; fileEncoding = 4; lastKnownFileType = sourcecode.c.h; path = APSEditScoreTableViewController.h; sourceTree = "<group>"; };
		FA9FD0741E8B1C9A0083265C /* APSEditScoreTableViewController.m */ = {isa = PBXFileReference; fileEncoding = 4; lastKnownFileType = sourcecode.c.objc; path = APSEditScoreTableViewController.m; sourceTree = "<group>"; };
		FAD48AA91E8038EE003050B3 /* FinalExamCalculator.app */ = {isa = PBXFileReference; explicitFileType = wrapper.application; includeInIndex = 0; path = FinalExamCalculator.app; sourceTree = BUILT_PRODUCTS_DIR; };
		FAD48AAD1E8038EE003050B3 /* main.m */ = {isa = PBXFileReference; lastKnownFileType = sourcecode.c.objc; path = main.m; sourceTree = "<group>"; };
		FAD48AAF1E8038EE003050B3 /* AppDelegate.h */ = {isa = PBXFileReference; lastKnownFileType = sourcecode.c.h; path = AppDelegate.h; sourceTree = "<group>"; };
		FAD48AB01E8038EE003050B3 /* AppDelegate.m */ = {isa = PBXFileReference; lastKnownFileType = sourcecode.c.objc; path = AppDelegate.m; sourceTree = "<group>"; };
		FAD48AB81E8038EE003050B3 /* Assets.xcassets */ = {isa = PBXFileReference; lastKnownFileType = folder.assetcatalog; path = Assets.xcassets; sourceTree = "<group>"; };
		FAD48ABB1E8038EE003050B3 /* Base */ = {isa = PBXFileReference; lastKnownFileType = file.storyboard; name = Base; path = Base.lproj/LaunchScreen.storyboard; sourceTree = "<group>"; };
		FAD48ABD1E8038EE003050B3 /* Info.plist */ = {isa = PBXFileReference; lastKnownFileType = text.plist.xml; path = Info.plist; sourceTree = "<group>"; };
		FAD48AC31E803E79003050B3 /* APSScoresTableViewController.h */ = {isa = PBXFileReference; fileEncoding = 4; lastKnownFileType = sourcecode.c.h; path = APSScoresTableViewController.h; sourceTree = "<group>"; };
		FAD48AC41E803E79003050B3 /* APSScoresTableViewController.m */ = {isa = PBXFileReference; fileEncoding = 4; lastKnownFileType = sourcecode.c.objc; path = APSScoresTableViewController.m; sourceTree = "<group>"; };
		FAEC74691E803FC5008236E9 /* APSClassesTableViewController.h */ = {isa = PBXFileReference; fileEncoding = 4; lastKnownFileType = sourcecode.c.h; path = APSClassesTableViewController.h; sourceTree = "<group>"; };
		FAEC746A1E803FC5008236E9 /* APSClassesTableViewController.m */ = {isa = PBXFileReference; fileEncoding = 4; lastKnownFileType = sourcecode.c.objc; path = APSClassesTableViewController.m; sourceTree = "<group>"; };
		FAEC746E1E80409A008236E9 /* FinalExamControllerModel.xcdatamodel */ = {isa = PBXFileReference; lastKnownFileType = wrapper.xcdatamodel; path = FinalExamControllerModel.xcdatamodel; sourceTree = "<group>"; };
		FAEC74711E8047EE008236E9 /* APSCourseController.h */ = {isa = PBXFileReference; fileEncoding = 4; lastKnownFileType = sourcecode.c.h; path = APSCourseController.h; sourceTree = "<group>"; };
		FAEC74721E8047EE008236E9 /* APSCourseController.m */ = {isa = PBXFileReference; fileEncoding = 4; lastKnownFileType = sourcecode.c.objc; path = APSCourseController.m; sourceTree = "<group>"; };
		FAEC74811E80A9A2008236E9 /* Course+CoreDataClass.h */ = {isa = PBXFileReference; fileEncoding = 4; lastKnownFileType = sourcecode.c.h; path = "Course+CoreDataClass.h"; sourceTree = "<group>"; };
		FAEC74821E80A9A2008236E9 /* Course+CoreDataClass.m */ = {isa = PBXFileReference; fileEncoding = 4; lastKnownFileType = sourcecode.c.objc; path = "Course+CoreDataClass.m"; sourceTree = "<group>"; };
		FAEC74831E80A9A2008236E9 /* Course+CoreDataProperties.h */ = {isa = PBXFileReference; fileEncoding = 4; lastKnownFileType = sourcecode.c.h; path = "Course+CoreDataProperties.h"; sourceTree = "<group>"; };
		FAEC74841E80A9A2008236E9 /* Course+CoreDataProperties.m */ = {isa = PBXFileReference; fileEncoding = 4; lastKnownFileType = sourcecode.c.objc; path = "Course+CoreDataProperties.m"; sourceTree = "<group>"; };
		FAEC74851E80A9A2008236E9 /* Category+CoreDataClass.h */ = {isa = PBXFileReference; fileEncoding = 4; lastKnownFileType = sourcecode.c.h; path = "Category+CoreDataClass.h"; sourceTree = "<group>"; };
		FAEC74861E80A9A2008236E9 /* Category+CoreDataClass.m */ = {isa = PBXFileReference; fileEncoding = 4; lastKnownFileType = sourcecode.c.objc; path = "Category+CoreDataClass.m"; sourceTree = "<group>"; };
		FAEC74871E80A9A2008236E9 /* Category+CoreDataProperties.h */ = {isa = PBXFileReference; fileEncoding = 4; lastKnownFileType = sourcecode.c.h; path = "Category+CoreDataProperties.h"; sourceTree = "<group>"; };
		FAEC74881E80A9A2008236E9 /* Category+CoreDataProperties.m */ = {isa = PBXFileReference; fileEncoding = 4; lastKnownFileType = sourcecode.c.objc; path = "Category+CoreDataProperties.m"; sourceTree = "<group>"; };
		FAEC74891E80A9A2008236E9 /* Score+CoreDataClass.h */ = {isa = PBXFileReference; fileEncoding = 4; lastKnownFileType = sourcecode.c.h; path = "Score+CoreDataClass.h"; sourceTree = "<group>"; };
		FAEC748A1E80A9A2008236E9 /* Score+CoreDataClass.m */ = {isa = PBXFileReference; fileEncoding = 4; lastKnownFileType = sourcecode.c.objc; path = "Score+CoreDataClass.m"; sourceTree = "<group>"; };
		FAEC748B1E80A9A2008236E9 /* Score+CoreDataProperties.h */ = {isa = PBXFileReference; fileEncoding = 4; lastKnownFileType = sourcecode.c.h; path = "Score+CoreDataProperties.h"; sourceTree = "<group>"; };
		FAEC748C1E80A9A2008236E9 /* Score+CoreDataProperties.m */ = {isa = PBXFileReference; fileEncoding = 4; lastKnownFileType = sourcecode.c.objc; path = "Score+CoreDataProperties.m"; sourceTree = "<group>"; };
		FAEC74931E80AC87008236E9 /* APSPersistenceController.h */ = {isa = PBXFileReference; fileEncoding = 4; lastKnownFileType = sourcecode.c.h; path = APSPersistenceController.h; sourceTree = "<group>"; };
		FAEC74941E80AC87008236E9 /* APSPersistenceController.m */ = {isa = PBXFileReference; fileEncoding = 4; lastKnownFileType = sourcecode.c.objc; path = APSPersistenceController.m; sourceTree = "<group>"; };
		FAEC74961E80ACFA008236E9 /* APSCoreDataStack.h */ = {isa = PBXFileReference; fileEncoding = 4; lastKnownFileType = sourcecode.c.h; path = APSCoreDataStack.h; sourceTree = "<group>"; };
		FAEC74971E80ACFA008236E9 /* APSCoreDataStack.m */ = {isa = PBXFileReference; fileEncoding = 4; lastKnownFileType = sourcecode.c.objc; path = APSCoreDataStack.m; sourceTree = "<group>"; };
		FAEC74991E8189CB008236E9 /* APSAppDataController.h */ = {isa = PBXFileReference; fileEncoding = 4; lastKnownFileType = sourcecode.c.h; path = APSAppDataController.h; sourceTree = "<group>"; };
		FAEC749A1E8189CB008236E9 /* APSAppDataController.m */ = {isa = PBXFileReference; fileEncoding = 4; lastKnownFileType = sourcecode.c.objc; path = APSAppDataController.m; sourceTree = "<group>"; };
		FAEC749C1E8197E1008236E9 /* APSMockDataController.h */ = {isa = PBXFileReference; fileEncoding = 4; lastKnownFileType = sourcecode.c.h; path = APSMockDataController.h; sourceTree = "<group>"; };
		FAEC749D1E8197E1008236E9 /* APSMockDataController.m */ = {isa = PBXFileReference; fileEncoding = 4; lastKnownFileType = sourcecode.c.objc; path = APSMockDataController.m; sourceTree = "<group>"; };
		FAEC74A01E81D440008236E9 /* APSDashboardTableViewController.h */ = {isa = PBXFileReference; fileEncoding = 4; lastKnownFileType = sourcecode.c.h; path = APSDashboardTableViewController.h; sourceTree = "<group>"; };
		FAEC74A11E81D440008236E9 /* APSDashboardTableViewController.m */ = {isa = PBXFileReference; fileEncoding = 4; lastKnownFileType = sourcecode.c.objc; path = APSDashboardTableViewController.m; sourceTree = "<group>"; };
		FAEC74A31E81E07F008236E9 /* APSCalculatedFinalTableViewCell.h */ = {isa = PBXFileReference; fileEncoding = 4; lastKnownFileType = sourcecode.c.h; path = APSCalculatedFinalTableViewCell.h; sourceTree = "<group>"; };
		FAEC74A41E81E07F008236E9 /* APSCalculatedFinalTableViewCell.m */ = {isa = PBXFileReference; fileEncoding = 4; lastKnownFileType = sourcecode.c.objc; path = APSCalculatedFinalTableViewCell.m; sourceTree = "<group>"; };
/* End PBXFileReference section */

/* Begin PBXFrameworksBuildPhase section */
		FAD48AA61E8038EE003050B3 /* Frameworks */ = {
			isa = PBXFrameworksBuildPhase;
			buildActionMask = 2147483647;
			files = (
			);
			runOnlyForDeploymentPostprocessing = 0;
		};
/* End PBXFrameworksBuildPhase section */

/* Begin PBXGroup section */
		FAD48AA01E8038EE003050B3 = {
			isa = PBXGroup;
			children = (
				FAD48AAB1E8038EE003050B3 /* FinalExamCalculator */,
				FAD48AAA1E8038EE003050B3 /* Products */,
			);
			sourceTree = "<group>";
		};
		FAD48AAA1E8038EE003050B3 /* Products */ = {
			isa = PBXGroup;
			children = (
				FAD48AA91E8038EE003050B3 /* FinalExamCalculator.app */,
			);
			name = Products;
			sourceTree = "<group>";
		};
		FAD48AAB1E8038EE003050B3 /* FinalExamCalculator */ = {
			isa = PBXGroup;
			children = (
				FAEC74701E8047A6008236E9 /* ModelController */,
				FAEC746C1E804039008236E9 /* Model */,
				FAEC749F1E81D424008236E9 /* View Controllers */,
				FAD48AAF1E8038EE003050B3 /* AppDelegate.h */,
				FAD48AB01E8038EE003050B3 /* AppDelegate.m */,
				FAD48AB81E8038EE003050B3 /* Assets.xcassets */,
				FAD48ABA1E8038EE003050B3 /* LaunchScreen.storyboard */,
				FAD48ABD1E8038EE003050B3 /* Info.plist */,
				FAD48AAC1E8038EE003050B3 /* Supporting Files */,
			);
			path = FinalExamCalculator;
			sourceTree = "<group>";
		};
		FAD48AAC1E8038EE003050B3 /* Supporting Files */ = {
			isa = PBXGroup;
			children = (
				FAD48AAD1E8038EE003050B3 /* main.m */,
			);
			name = "Supporting Files";
			sourceTree = "<group>";
		};
		FAEC746C1E804039008236E9 /* Model */ = {
			isa = PBXGroup;
			children = (
				FA1BFF861E84887B00A1228C /* Score+ScoreCategory.h */,
				FA1BFF871E84887B00A1228C /* Score+ScoreCategory.m */,
				FAEC74811E80A9A2008236E9 /* Course+CoreDataClass.h */,
				FAEC74821E80A9A2008236E9 /* Course+CoreDataClass.m */,
				FAEC74831E80A9A2008236E9 /* Course+CoreDataProperties.h */,
				FAEC74841E80A9A2008236E9 /* Course+CoreDataProperties.m */,
				FAEC74851E80A9A2008236E9 /* Category+CoreDataClass.h */,
				FAEC74861E80A9A2008236E9 /* Category+CoreDataClass.m */,
				FAEC74871E80A9A2008236E9 /* Category+CoreDataProperties.h */,
				FAEC74881E80A9A2008236E9 /* Category+CoreDataProperties.m */,
				FAEC74891E80A9A2008236E9 /* Score+CoreDataClass.h */,
				FAEC748A1E80A9A2008236E9 /* Score+CoreDataClass.m */,
				FAEC748B1E80A9A2008236E9 /* Score+CoreDataProperties.h */,
				FAEC748C1E80A9A2008236E9 /* Score+CoreDataProperties.m */,
				FAEC746D1E80409A008236E9 /* FinalExamControllerModel.xcdatamodeld */,
			);
			name = Model;
			sourceTree = "<group>";
		};
		FAEC74701E8047A6008236E9 /* ModelController */ = {
			isa = PBXGroup;
			children = (
				FA30CB6C1E85B84F00BD01C0 /* APSCategoryType.h */,
				FA30CB6D1E85B84F00BD01C0 /* APSCategoryType.m */,
				FAEC749C1E8197E1008236E9 /* APSMockDataController.h */,
				FAEC749D1E8197E1008236E9 /* APSMockDataController.m */,
				FA8A87EB1E8369990053D648 /* APSScoreController.h */,
				FA8A87EC1E8369990053D648 /* APSScoreController.m */,
				FAEC74711E8047EE008236E9 /* APSCourseController.h */,
				FAEC74721E8047EE008236E9 /* APSCourseController.m */,
				FAEC74991E8189CB008236E9 /* APSAppDataController.h */,
				FAEC749A1E8189CB008236E9 /* APSAppDataController.m */,
				FAEC74931E80AC87008236E9 /* APSPersistenceController.h */,
				FAEC74941E80AC87008236E9 /* APSPersistenceController.m */,
				FAEC74961E80ACFA008236E9 /* APSCoreDataStack.h */,
				FAEC74971E80ACFA008236E9 /* APSCoreDataStack.m */,
			);
			name = ModelController;
			sourceTree = "<group>";
		};
		FAEC749F1E81D424008236E9 /* View Controllers */ = {
			isa = PBXGroup;
			children = (
				FA9FD0731E8B1C9A0083265C /* APSEditScoreTableViewController.h */,
				FA9FD0741E8B1C9A0083265C /* APSEditScoreTableViewController.m */,
				FAD48AC31E803E79003050B3 /* APSScoresTableViewController.h */,
				FAD48AC41E803E79003050B3 /* APSScoresTableViewController.m */,
				FAEC74691E803FC5008236E9 /* APSClassesTableViewController.h */,
				FAEC746A1E803FC5008236E9 /* APSClassesTableViewController.m */,
				FAEC74A31E81E07F008236E9 /* APSCalculatedFinalTableViewCell.h */,
				FAEC74A41E81E07F008236E9 /* APSCalculatedFinalTableViewCell.m */,
				FA1463291E901D0900D56D00 /* APSWeightsViewController.h */,
				FA14632A1E901D0900D56D00 /* APSWeightsViewController.m */,
				FA2848C01E93334D0084F11C /* APSCategoryStepperTableViewCell.h */,
				FA2848C11E93334D0084F11C /* APSCategoryStepperTableViewCell.m */,
				FAEC74A01E81D440008236E9 /* APSDashboardTableViewController.h */,
				FAEC74A11E81D440008236E9 /* APSDashboardTableViewController.m */,
			);
			name = "View Controllers";
			sourceTree = "<group>";
		};
/* End PBXGroup section */

/* Begin PBXNativeTarget section */
		FAD48AA81E8038EE003050B3 /* FinalExamCalculator */ = {
			isa = PBXNativeTarget;
			buildConfigurationList = FAD48AC01E8038EE003050B3 /* Build configuration list for PBXNativeTarget "FinalExamCalculator" */;
			buildPhases = (
				FAD48AA51E8038EE003050B3 /* Sources */,
				FAD48AA61E8038EE003050B3 /* Frameworks */,
				FAD48AA71E8038EE003050B3 /* Resources */,
			);
			buildRules = (
			);
			dependencies = (
			);
			name = FinalExamCalculator;
			productName = FinalExamCalculator;
			productReference = FAD48AA91E8038EE003050B3 /* FinalExamCalculator.app */;
			productType = "com.apple.product-type.application";
		};
/* End PBXNativeTarget section */

/* Begin PBXProject section */
		FAD48AA11E8038EE003050B3 /* Project object */ = {
			isa = PBXProject;
			attributes = {
				CLASSPREFIX = APS;
				LastUpgradeCheck = 0820;
				ORGANIZATIONNAME = "Aptian Software, LLC";
				TargetAttributes = {
					FAD48AA81E8038EE003050B3 = {
						CreatedOnToolsVersion = 8.2.1;
						DevelopmentTeam = QYV5ZZB7LD;
						LastSwiftMigration = 0820;
						ProvisioningStyle = Automatic;
					};
				};
			};
			buildConfigurationList = FAD48AA41E8038EE003050B3 /* Build configuration list for PBXProject "FinalExamCalculator" */;
			compatibilityVersion = "Xcode 3.2";
			developmentRegion = English;
			hasScannedForEncodings = 0;
			knownRegions = (
				en,
				Base,
			);
			mainGroup = FAD48AA01E8038EE003050B3;
			productRefGroup = FAD48AAA1E8038EE003050B3 /* Products */;
			projectDirPath = "";
			projectRoot = "";
			targets = (
				FAD48AA81E8038EE003050B3 /* FinalExamCalculator */,
			);
		};
/* End PBXProject section */

/* Begin PBXResourcesBuildPhase section */
		FAD48AA71E8038EE003050B3 /* Resources */ = {
			isa = PBXResourcesBuildPhase;
			buildActionMask = 2147483647;
			files = (
				FAD48ABC1E8038EE003050B3 /* LaunchScreen.storyboard in Resources */,
				FAD48AB91E8038EE003050B3 /* Assets.xcassets in Resources */,
			);
			runOnlyForDeploymentPostprocessing = 0;
		};
/* End PBXResourcesBuildPhase section */

/* Begin PBXSourcesBuildPhase section */
		FAD48AA51E8038EE003050B3 /* Sources */ = {
			isa = PBXSourcesBuildPhase;
			buildActionMask = 2147483647;
			files = (
				FA30CB6E1E85B84F00BD01C0 /* APSCategoryType.m in Sources */,
				FAEC749B1E8189CB008236E9 /* APSAppDataController.m in Sources */,
				FAD48AC51E803E79003050B3 /* APSScoresTableViewController.m in Sources */,
				FAD48AB11E8038EE003050B3 /* AppDelegate.m in Sources */,
				FAEC748E1E80A9A2008236E9 /* Course+CoreDataProperties.m in Sources */,
				FAD48AAE1E8038EE003050B3 /* main.m in Sources */,
				FAEC74921E80A9A2008236E9 /* Score+CoreDataProperties.m in Sources */,
				FAEC74731E8047EE008236E9 /* APSCourseController.m in Sources */,
				FAEC74911E80A9A2008236E9 /* Score+CoreDataClass.m in Sources */,
				FA9FD0751E8B1C9A0083265C /* APSEditScoreTableViewController.m in Sources */,
				FAEC748D1E80A9A2008236E9 /* Course+CoreDataClass.m in Sources */,
				FA14632B1E901D0900D56D00 /* APSWeightsViewController.m in Sources */,
				FAEC74981E80ACFA008236E9 /* APSCoreDataStack.m in Sources */,
				FAEC74951E80AC87008236E9 /* APSPersistenceController.m in Sources */,
				FAEC746B1E803FC5008236E9 /* APSClassesTableViewController.m in Sources */,
				FAEC74901E80A9A2008236E9 /* Category+CoreDataProperties.m in Sources */,
				FAEC74A51E81E07F008236E9 /* APSCalculatedFinalTableViewCell.m in Sources */,
				FAEC746F1E80409A008236E9 /* FinalExamControllerModel.xcdatamodeld in Sources */,
				FAEC749E1E8197E1008236E9 /* APSMockDataController.m in Sources */,
				FAEC748F1E80A9A2008236E9 /* Category+CoreDataClass.m in Sources */,
				FA2848C21E93334D0084F11C /* APSCategoryStepperTableViewCell.m in Sources */,
				FA1BFF881E84887B00A1228C /* Score+ScoreCategory.m in Sources */,
				FA8A87ED1E8369990053D648 /* APSScoreController.m in Sources */,
				FAEC74A21E81D440008236E9 /* APSDashboardTableViewController.m in Sources */,
			);
			runOnlyForDeploymentPostprocessing = 0;
		};
/* End PBXSourcesBuildPhase section */

/* Begin PBXVariantGroup section */
		FAD48ABA1E8038EE003050B3 /* LaunchScreen.storyboard */ = {
			isa = PBXVariantGroup;
			children = (
				FAD48ABB1E8038EE003050B3 /* Base */,
			);
			name = LaunchScreen.storyboard;
			sourceTree = "<group>";
		};
/* End PBXVariantGroup section */

/* Begin XCBuildConfiguration section */
		FAD48ABE1E8038EE003050B3 /* Debug */ = {
			isa = XCBuildConfiguration;
			buildSettings = {
				ALWAYS_SEARCH_USER_PATHS = NO;
				CLANG_ANALYZER_NONNULL = YES;
				CLANG_CXX_LANGUAGE_STANDARD = "gnu++0x";
				CLANG_CXX_LIBRARY = "libc++";
				CLANG_ENABLE_MODULES = YES;
				CLANG_ENABLE_OBJC_ARC = YES;
				CLANG_WARN_BOOL_CONVERSION = YES;
				CLANG_WARN_CONSTANT_CONVERSION = YES;
				CLANG_WARN_DIRECT_OBJC_ISA_USAGE = YES_ERROR;
				CLANG_WARN_DOCUMENTATION_COMMENTS = YES;
				CLANG_WARN_EMPTY_BODY = YES;
				CLANG_WARN_ENUM_CONVERSION = YES;
				CLANG_WARN_INFINITE_RECURSION = YES;
				CLANG_WARN_INT_CONVERSION = YES;
				CLANG_WARN_OBJC_ROOT_CLASS = YES_ERROR;
				CLANG_WARN_SUSPICIOUS_MOVE = YES;
				CLANG_WARN_UNREACHABLE_CODE = YES;
				CLANG_WARN__DUPLICATE_METHOD_MATCH = YES;
				"CODE_SIGN_IDENTITY[sdk=iphoneos*]" = "iPhone Developer";
				COPY_PHASE_STRIP = NO;
				DEBUG_INFORMATION_FORMAT = dwarf;
				ENABLE_STRICT_OBJC_MSGSEND = YES;
				ENABLE_TESTABILITY = YES;
				GCC_C_LANGUAGE_STANDARD = gnu99;
				GCC_DYNAMIC_NO_PIC = NO;
				GCC_NO_COMMON_BLOCKS = YES;
				GCC_OPTIMIZATION_LEVEL = 0;
				GCC_PREPROCESSOR_DEFINITIONS = (
					"DEBUG=1",
					"$(inherited)",
				);
				GCC_WARN_64_TO_32_BIT_CONVERSION = YES;
				GCC_WARN_ABOUT_RETURN_TYPE = YES_ERROR;
				GCC_WARN_UNDECLARED_SELECTOR = YES;
				GCC_WARN_UNINITIALIZED_AUTOS = YES_AGGRESSIVE;
				GCC_WARN_UNUSED_FUNCTION = YES;
				GCC_WARN_UNUSED_VARIABLE = YES;
				IPHONEOS_DEPLOYMENT_TARGET = 10.2;
				MTL_ENABLE_DEBUG_INFO = YES;
				ONLY_ACTIVE_ARCH = YES;
				SDKROOT = iphoneos;
			};
			name = Debug;
		};
		FAD48ABF1E8038EE003050B3 /* Release */ = {
			isa = XCBuildConfiguration;
			buildSettings = {
				ALWAYS_SEARCH_USER_PATHS = NO;
				CLANG_ANALYZER_NONNULL = YES;
				CLANG_CXX_LANGUAGE_STANDARD = "gnu++0x";
				CLANG_CXX_LIBRARY = "libc++";
				CLANG_ENABLE_MODULES = YES;
				CLANG_ENABLE_OBJC_ARC = YES;
				CLANG_WARN_BOOL_CONVERSION = YES;
				CLANG_WARN_CONSTANT_CONVERSION = YES;
				CLANG_WARN_DIRECT_OBJC_ISA_USAGE = YES_ERROR;
				CLANG_WARN_DOCUMENTATION_COMMENTS = YES;
				CLANG_WARN_EMPTY_BODY = YES;
				CLANG_WARN_ENUM_CONVERSION = YES;
				CLANG_WARN_INFINITE_RECURSION = YES;
				CLANG_WARN_INT_CONVERSION = YES;
				CLANG_WARN_OBJC_ROOT_CLASS = YES_ERROR;
				CLANG_WARN_SUSPICIOUS_MOVE = YES;
				CLANG_WARN_UNREACHABLE_CODE = YES;
				CLANG_WARN__DUPLICATE_METHOD_MATCH = YES;
				"CODE_SIGN_IDENTITY[sdk=iphoneos*]" = "iPhone Developer";
				COPY_PHASE_STRIP = NO;
				DEBUG_INFORMATION_FORMAT = "dwarf-with-dsym";
				ENABLE_NS_ASSERTIONS = NO;
				ENABLE_STRICT_OBJC_MSGSEND = YES;
				GCC_C_LANGUAGE_STANDARD = gnu99;
				GCC_NO_COMMON_BLOCKS = YES;
				GCC_WARN_64_TO_32_BIT_CONVERSION = YES;
				GCC_WARN_ABOUT_RETURN_TYPE = YES_ERROR;
				GCC_WARN_UNDECLARED_SELECTOR = YES;
				GCC_WARN_UNINITIALIZED_AUTOS = YES_AGGRESSIVE;
				GCC_WARN_UNUSED_FUNCTION = YES;
				GCC_WARN_UNUSED_VARIABLE = YES;
				IPHONEOS_DEPLOYMENT_TARGET = 10.2;
				MTL_ENABLE_DEBUG_INFO = NO;
				SDKROOT = iphoneos;
				VALIDATE_PRODUCT = YES;
			};
			name = Release;
		};
		FAD48AC11E8038EE003050B3 /* Debug */ = {
			isa = XCBuildConfiguration;
			buildSettings = {
				ASSETCATALOG_COMPILER_APPICON_NAME = AppIcon;
				CLANG_ENABLE_MODULES = YES;
				DEVELOPMENT_TEAM = QYV5ZZB7LD;
				INFOPLIST_FILE = FinalExamCalculator/Info.plist;
				IPHONEOS_DEPLOYMENT_TARGET = 9.0;
				LD_RUNPATH_SEARCH_PATHS = "$(inherited) @executable_path/Frameworks";
				PRODUCT_BUNDLE_IDENTIFIER = "com.Aptian-Software-LLC.FinalExamCalculator";
				PRODUCT_NAME = "$(TARGET_NAME)";
				SWIFT_OBJC_BRIDGING_HEADER = "FinalExamCalculator/FinalExamCalculator-Bridging-Header.h";
				SWIFT_OPTIMIZATION_LEVEL = "-Onone";
				SWIFT_VERSION = 3.0;
			};
			name = Debug;
		};
		FAD48AC21E8038EE003050B3 /* Release */ = {
			isa = XCBuildConfiguration;
			buildSettings = {
				ASSETCATALOG_COMPILER_APPICON_NAME = AppIcon;
				CLANG_ENABLE_MODULES = YES;
				DEVELOPMENT_TEAM = QYV5ZZB7LD;
				INFOPLIST_FILE = FinalExamCalculator/Info.plist;
				IPHONEOS_DEPLOYMENT_TARGET = 9.0;
				LD_RUNPATH_SEARCH_PATHS = "$(inherited) @executable_path/Frameworks";
				PRODUCT_BUNDLE_IDENTIFIER = "com.Aptian-Software-LLC.FinalExamCalculator";
				PRODUCT_NAME = "$(TARGET_NAME)";
				SWIFT_OBJC_BRIDGING_HEADER = "FinalExamCalculator/FinalExamCalculator-Bridging-Header.h";
				SWIFT_VERSION = 3.0;
			};
			name = Release;
		};
/* End XCBuildConfiguration section */

/* Begin XCConfigurationList section */
		FAD48AA41E8038EE003050B3 /* Build configuration list for PBXProject "FinalExamCalculator" */ = {
			isa = XCConfigurationList;
			buildConfigurations = (
				FAD48ABE1E8038EE003050B3 /* Debug */,
				FAD48ABF1E8038EE003050B3 /* Release */,
			);
			defaultConfigurationIsVisible = 0;
			defaultConfigurationName = Release;
		};
		FAD48AC01E8038EE003050B3 /* Build configuration list for PBXNativeTarget "FinalExamCalculator" */ = {
			isa = XCConfigurationList;
			buildConfigurations = (
				FAD48AC11E8038EE003050B3 /* Debug */,
				FAD48AC21E8038EE003050B3 /* Release */,
			);
			defaultConfigurationIsVisible = 0;
			defaultConfigurationName = Release;
		};
/* End XCConfigurationList section */

/* Begin XCVersionGroup section */
		FAEC746D1E80409A008236E9 /* FinalExamControllerModel.xcdatamodeld */ = {
			isa = XCVersionGroup;
			children = (
				FAEC746E1E80409A008236E9 /* FinalExamControllerModel.xcdatamodel */,
			);
			currentVersion = FAEC746E1E80409A008236E9 /* FinalExamControllerModel.xcdatamodel */;
			path = FinalExamControllerModel.xcdatamodeld;
			sourceTree = "<group>";
			versionGroupType = wrapper.xcdatamodel;
		};
/* End XCVersionGroup section */
	};
	rootObject = FAD48AA11E8038EE003050B3 /* Project object */;
}
